
Microsoft Visual Studio Solution File, Format Version 12.00
# Visual Studio 15
VisualStudioVersion = 15.0.26730.16
MinimumVisualStudioVersion = 10.0.40219.1
Project("{FAE04EC0-301F-11D3-BF4B-00C04F79EFBC}") = "Demo2.Android", "Demo2\Demo2.Android\Demo2.Android.csproj", "{2734FF5B-03C5-476E-BD8D-3F5C4B7B1FA4}"
EndProject
Project("{FAE04EC0-301F-11D3-BF4B-00C04F79EFBC}") = "Demo2", "Demo2\Demo2\Demo2.csproj", "{431D9058-1FCE-4B84-B56E-3F2B134DDE46}"
EndProject
Project("{FAE04EC0-301F-11D3-BF4B-00C04F79EFBC}") = "Demo2.UWP", "Demo2\Demo2.UWP\Demo2.UWP.csproj", "{AB0936FC-B8B8-41D2-A5D0-025A6DB93436}"
EndProject
Project("{FAE04EC0-301F-11D3-BF4B-00C04F79EFBC}") = "Demo2.iOS", "Demo2\Demo2.iOS\Demo2.iOS.csproj", "{FBAC1623-4D02-47BD-BF57-4C620064A533}"
EndProject
Global
	GlobalSection(SolutionConfigurationPlatforms) = preSolution
		Ad-Hoc|Any CPU = Ad-Hoc|Any CPU
		Ad-Hoc|ARM = Ad-Hoc|ARM
		Ad-Hoc|iPhone = Ad-Hoc|iPhone
		Ad-Hoc|iPhoneSimulator = Ad-Hoc|iPhoneSimulator
		Ad-Hoc|x64 = Ad-Hoc|x64
		Ad-Hoc|x86 = Ad-Hoc|x86
		AppStore|Any CPU = AppStore|Any CPU
		AppStore|ARM = AppStore|ARM
		AppStore|iPhone = AppStore|iPhone
		AppStore|iPhoneSimulator = AppStore|iPhoneSimulator
		AppStore|x64 = AppStore|x64
		AppStore|x86 = AppStore|x86
		Debug|Any CPU = Debug|Any CPU
		Debug|ARM = Debug|ARM
		Debug|iPhone = Debug|iPhone
		Debug|iPhoneSimulator = Debug|iPhoneSimulator
		Debug|x64 = Debug|x64
		Debug|x86 = Debug|x86
		Release|Any CPU = Release|Any CPU
		Release|ARM = Release|ARM
		Release|iPhone = Release|iPhone
		Release|iPhoneSimulator = Release|iPhoneSimulator
		Release|x64 = Release|x64
		Release|x86 = Release|x86
	EndGlobalSection
	GlobalSection(ProjectConfigurationPlatforms) = postSolution
		{2734FF5B-03C5-476E-BD8D-3F5C4B7B1FA4}.Ad-Hoc|Any CPU.ActiveCfg = Release|Any CPU
		{2734FF5B-03C5-476E-BD8D-3F5C4B7B1FA4}.Ad-Hoc|Any CPU.Build.0 = Release|Any CPU
		{2734FF5B-03C5-476E-BD8D-3F5C4B7B1FA4}.Ad-Hoc|Any CPU.Deploy.0 = Release|Any CPU
		{2734FF5B-03C5-476E-BD8D-3F5C4B7B1FA4}.Ad-Hoc|ARM.ActiveCfg = Release|Any CPU
		{2734FF5B-03C5-476E-BD8D-3F5C4B7B1FA4}.Ad-Hoc|ARM.Build.0 = Release|Any CPU
		{2734FF5B-03C5-476E-BD8D-3F5C4B7B1FA4}.Ad-Hoc|ARM.Deploy.0 = Release|Any CPU
		{2734FF5B-03C5-476E-BD8D-3F5C4B7B1FA4}.Ad-Hoc|iPhone.ActiveCfg = Release|Any CPU
		{2734FF5B-03C5-476E-BD8D-3F5C4B7B1FA4}.Ad-Hoc|iPhone.Build.0 = Release|Any CPU
		{2734FF5B-03C5-476E-BD8D-3F5C4B7B1FA4}.Ad-Hoc|iPhone.Deploy.0 = Release|Any CPU
		{2734FF5B-03C5-476E-BD8D-3F5C4B7B1FA4}.Ad-Hoc|iPhoneSimulator.ActiveCfg = Release|Any CPU
		{2734FF5B-03C5-476E-BD8D-3F5C4B7B1FA4}.Ad-Hoc|iPhoneSimulator.Build.0 = Release|Any CPU
		{2734FF5B-03C5-476E-BD8D-3F5C4B7B1FA4}.Ad-Hoc|iPhoneSimulator.Deploy.0 = Release|Any CPU
		{2734FF5B-03C5-476E-BD8D-3F5C4B7B1FA4}.Ad-Hoc|x64.ActiveCfg = Release|Any CPU
		{2734FF5B-03C5-476E-BD8D-3F5C4B7B1FA4}.Ad-Hoc|x64.Build.0 = Release|Any CPU
		{2734FF5B-03C5-476E-BD8D-3F5C4B7B1FA4}.Ad-Hoc|x64.Deploy.0 = Release|Any CPU
		{2734FF5B-03C5-476E-BD8D-3F5C4B7B1FA4}.Ad-Hoc|x86.ActiveCfg = Release|Any CPU
		{2734FF5B-03C5-476E-BD8D-3F5C4B7B1FA4}.Ad-Hoc|x86.Build.0 = Release|Any CPU
		{2734FF5B-03C5-476E-BD8D-3F5C4B7B1FA4}.Ad-Hoc|x86.Deploy.0 = Release|Any CPU
		{2734FF5B-03C5-476E-BD8D-3F5C4B7B1FA4}.AppStore|Any CPU.ActiveCfg = Release|Any CPU
		{2734FF5B-03C5-476E-BD8D-3F5C4B7B1FA4}.AppStore|Any CPU.Build.0 = Release|Any CPU
		{2734FF5B-03C5-476E-BD8D-3F5C4B7B1FA4}.AppStore|Any CPU.Deploy.0 = Release|Any CPU
		{2734FF5B-03C5-476E-BD8D-3F5C4B7B1FA4}.AppStore|ARM.ActiveCfg = Release|Any CPU
		{2734FF5B-03C5-476E-BD8D-3F5C4B7B1FA4}.AppStore|ARM.Build.0 = Release|Any CPU
		{2734FF5B-03C5-476E-BD8D-3F5C4B7B1FA4}.AppStore|ARM.Deploy.0 = Release|Any CPU
		{2734FF5B-03C5-476E-BD8D-3F5C4B7B1FA4}.AppStore|iPhone.ActiveCfg = Release|Any CPU
		{2734FF5B-03C5-476E-BD8D-3F5C4B7B1FA4}.AppStore|iPhone.Build.0 = Release|Any CPU
		{2734FF5B-03C5-476E-BD8D-3F5C4B7B1FA4}.AppStore|iPhone.Deploy.0 = Release|Any CPU
		{2734FF5B-03C5-476E-BD8D-3F5C4B7B1FA4}.AppStore|iPhoneSimulator.ActiveCfg = Release|Any CPU
		{2734FF5B-03C5-476E-BD8D-3F5C4B7B1FA4}.AppStore|iPhoneSimulator.Build.0 = Release|Any CPU
		{2734FF5B-03C5-476E-BD8D-3F5C4B7B1FA4}.AppStore|iPhoneSimulator.Deploy.0 = Release|Any CPU
		{2734FF5B-03C5-476E-BD8D-3F5C4B7B1FA4}.AppStore|x64.ActiveCfg = Release|Any CPU
		{2734FF5B-03C5-476E-BD8D-3F5C4B7B1FA4}.AppStore|x64.Build.0 = Release|Any CPU
		{2734FF5B-03C5-476E-BD8D-3F5C4B7B1FA4}.AppStore|x64.Deploy.0 = Release|Any CPU
		{2734FF5B-03C5-476E-BD8D-3F5C4B7B1FA4}.AppStore|x86.ActiveCfg = Release|Any CPU
		{2734FF5B-03C5-476E-BD8D-3F5C4B7B1FA4}.AppStore|x86.Build.0 = Release|Any CPU
		{2734FF5B-03C5-476E-BD8D-3F5C4B7B1FA4}.AppStore|x86.Deploy.0 = Release|Any CPU
		{2734FF5B-03C5-476E-BD8D-3F5C4B7B1FA4}.Debug|Any CPU.ActiveCfg = Debug|Any CPU
		{2734FF5B-03C5-476E-BD8D-3F5C4B7B1FA4}.Debug|Any CPU.Build.0 = Debug|Any CPU
		{2734FF5B-03C5-476E-BD8D-3F5C4B7B1FA4}.Debug|Any CPU.Deploy.0 = Debug|Any CPU
		{2734FF5B-03C5-476E-BD8D-3F5C4B7B1FA4}.Debug|ARM.ActiveCfg = Debug|Any CPU
		{2734FF5B-03C5-476E-BD8D-3F5C4B7B1FA4}.Debug|ARM.Build.0 = Debug|Any CPU
		{2734FF5B-03C5-476E-BD8D-3F5C4B7B1FA4}.Debug|ARM.Deploy.0 = Debug|Any CPU
		{2734FF5B-03C5-476E-BD8D-3F5C4B7B1FA4}.Debug|iPhone.ActiveCfg = Debug|Any CPU
		{2734FF5B-03C5-476E-BD8D-3F5C4B7B1FA4}.Debug|iPhone.Build.0 = Debug|Any CPU
		{2734FF5B-03C5-476E-BD8D-3F5C4B7B1FA4}.Debug|iPhone.Deploy.0 = Debug|Any CPU
		{2734FF5B-03C5-476E-BD8D-3F5C4B7B1FA4}.Debug|iPhoneSimulator.ActiveCfg = Debug|Any CPU
		{2734FF5B-03C5-476E-BD8D-3F5C4B7B1FA4}.Debug|iPhoneSimulator.Build.0 = Debug|Any CPU
		{2734FF5B-03C5-476E-BD8D-3F5C4B7B1FA4}.Debug|iPhoneSimulator.Deploy.0 = Debug|Any CPU
		{2734FF5B-03C5-476E-BD8D-3F5C4B7B1FA4}.Debug|x64.ActiveCfg = Debug|Any CPU
		{2734FF5B-03C5-476E-BD8D-3F5C4B7B1FA4}.Debug|x64.Build.0 = Debug|Any CPU
		{2734FF5B-03C5-476E-BD8D-3F5C4B7B1FA4}.Debug|x64.Deploy.0 = Debug|Any CPU
		{2734FF5B-03C5-476E-BD8D-3F5C4B7B1FA4}.Debug|x86.ActiveCfg = Debug|Any CPU
		{2734FF5B-03C5-476E-BD8D-3F5C4B7B1FA4}.Debug|x86.Build.0 = Debug|Any CPU
		{2734FF5B-03C5-476E-BD8D-3F5C4B7B1FA4}.Debug|x86.Deploy.0 = Debug|Any CPU
		{2734FF5B-03C5-476E-BD8D-3F5C4B7B1FA4}.Release|Any CPU.ActiveCfg = Release|Any CPU
		{2734FF5B-03C5-476E-BD8D-3F5C4B7B1FA4}.Release|Any CPU.Build.0 = Release|Any CPU
		{2734FF5B-03C5-476E-BD8D-3F5C4B7B1FA4}.Release|Any CPU.Deploy.0 = Release|Any CPU
		{2734FF5B-03C5-476E-BD8D-3F5C4B7B1FA4}.Release|ARM.ActiveCfg = Release|Any CPU
		{2734FF5B-03C5-476E-BD8D-3F5C4B7B1FA4}.Release|ARM.Build.0 = Release|Any CPU
		{2734FF5B-03C5-476E-BD8D-3F5C4B7B1FA4}.Release|ARM.Deploy.0 = Release|Any CPU
		{2734FF5B-03C5-476E-BD8D-3F5C4B7B1FA4}.Release|iPhone.ActiveCfg = Release|Any CPU
		{2734FF5B-03C5-476E-BD8D-3F5C4B7B1FA4}.Release|iPhone.Build.0 = Release|Any CPU
		{2734FF5B-03C5-476E-BD8D-3F5C4B7B1FA4}.Release|iPhone.Deploy.0 = Release|Any CPU
		{2734FF5B-03C5-476E-BD8D-3F5C4B7B1FA4}.Release|iPhoneSimulator.ActiveCfg = Release|Any CPU
		{2734FF5B-03C5-476E-BD8D-3F5C4B7B1FA4}.Release|iPhoneSimulator.Build.0 = Release|Any CPU
		{2734FF5B-03C5-476E-BD8D-3F5C4B7B1FA4}.Release|iPhoneSimulator.Deploy.0 = Release|Any CPU
		{2734FF5B-03C5-476E-BD8D-3F5C4B7B1FA4}.Release|x64.ActiveCfg = Release|Any CPU
		{2734FF5B-03C5-476E-BD8D-3F5C4B7B1FA4}.Release|x64.Build.0 = Release|Any CPU
		{2734FF5B-03C5-476E-BD8D-3F5C4B7B1FA4}.Release|x64.Deploy.0 = Release|Any CPU
		{2734FF5B-03C5-476E-BD8D-3F5C4B7B1FA4}.Release|x86.ActiveCfg = Release|Any CPU
		{2734FF5B-03C5-476E-BD8D-3F5C4B7B1FA4}.Release|x86.Build.0 = Release|Any CPU
		{2734FF5B-03C5-476E-BD8D-3F5C4B7B1FA4}.Release|x86.Deploy.0 = Release|Any CPU
		{431D9058-1FCE-4B84-B56E-3F2B134DDE46}.Ad-Hoc|Any CPU.ActiveCfg = Release|Any CPU
		{431D9058-1FCE-4B84-B56E-3F2B134DDE46}.Ad-Hoc|Any CPU.Build.0 = Release|Any CPU
		{431D9058-1FCE-4B84-B56E-3F2B134DDE46}.Ad-Hoc|ARM.ActiveCfg = Release|Any CPU
		{431D9058-1FCE-4B84-B56E-3F2B134DDE46}.Ad-Hoc|ARM.Build.0 = Release|Any CPU
		{431D9058-1FCE-4B84-B56E-3F2B134DDE46}.Ad-Hoc|iPhone.ActiveCfg = Release|Any CPU
		{431D9058-1FCE-4B84-B56E-3F2B134DDE46}.Ad-Hoc|iPhone.Build.0 = Release|Any CPU
		{431D9058-1FCE-4B84-B56E-3F2B134DDE46}.Ad-Hoc|iPhoneSimulator.ActiveCfg = Release|Any CPU
		{431D9058-1FCE-4B84-B56E-3F2B134DDE46}.Ad-Hoc|iPhoneSimulator.Build.0 = Release|Any CPU
		{431D9058-1FCE-4B84-B56E-3F2B134DDE46}.Ad-Hoc|x64.ActiveCfg = Release|Any CPU
		{431D9058-1FCE-4B84-B56E-3F2B134DDE46}.Ad-Hoc|x64.Build.0 = Release|Any CPU
		{431D9058-1FCE-4B84-B56E-3F2B134DDE46}.Ad-Hoc|x86.ActiveCfg = Release|Any CPU
		{431D9058-1FCE-4B84-B56E-3F2B134DDE46}.Ad-Hoc|x86.Build.0 = Release|Any CPU
		{431D9058-1FCE-4B84-B56E-3F2B134DDE46}.AppStore|Any CPU.ActiveCfg = Release|Any CPU
		{431D9058-1FCE-4B84-B56E-3F2B134DDE46}.AppStore|Any CPU.Build.0 = Release|Any CPU
		{431D9058-1FCE-4B84-B56E-3F2B134DDE46}.AppStore|ARM.ActiveCfg = Release|Any CPU
		{431D9058-1FCE-4B84-B56E-3F2B134DDE46}.AppStore|ARM.Build.0 = Release|Any CPU
		{431D9058-1FCE-4B84-B56E-3F2B134DDE46}.AppStore|iPhone.ActiveCfg = Release|Any CPU
		{431D9058-1FCE-4B84-B56E-3F2B134DDE46}.AppStore|iPhone.Build.0 = Release|Any CPU
		{431D9058-1FCE-4B84-B56E-3F2B134DDE46}.AppStore|iPhoneSimulator.ActiveCfg = Release|Any CPU
		{431D9058-1FCE-4B84-B56E-3F2B134DDE46}.AppStore|iPhoneSimulator.Build.0 = Release|Any CPU
		{431D9058-1FCE-4B84-B56E-3F2B134DDE46}.AppStore|x64.ActiveCfg = Release|Any CPU
		{431D9058-1FCE-4B84-B56E-3F2B134DDE46}.AppStore|x64.Build.0 = Release|Any CPU
		{431D9058-1FCE-4B84-B56E-3F2B134DDE46}.AppStore|x86.ActiveCfg = Release|Any CPU
		{431D9058-1FCE-4B84-B56E-3F2B134DDE46}.AppStore|x86.Build.0 = Release|Any CPU
		{431D9058-1FCE-4B84-B56E-3F2B134DDE46}.Debug|Any CPU.ActiveCfg = Debug|Any CPU
		{431D9058-1FCE-4B84-B56E-3F2B134DDE46}.Debug|Any CPU.Build.0 = Debug|Any CPU
		{431D9058-1FCE-4B84-B56E-3F2B134DDE46}.Debug|ARM.ActiveCfg = Debug|Any CPU
		{431D9058-1FCE-4B84-B56E-3F2B134DDE46}.Debug|ARM.Build.0 = Debug|Any CPU
		{431D9058-1FCE-4B84-B56E-3F2B134DDE46}.Debug|iPhone.ActiveCfg = Debug|Any CPU
		{431D9058-1FCE-4B84-B56E-3F2B134DDE46}.Debug|iPhone.Build.0 = Debug|Any CPU
		{431D9058-1FCE-4B84-B56E-3F2B134DDE46}.Debug|iPhoneSimulator.ActiveCfg = Debug|Any CPU
		{431D9058-1FCE-4B84-B56E-3F2B134DDE46}.Debug|iPhoneSimulator.Build.0 = Debug|Any CPU
		{431D9058-1FCE-4B84-B56E-3F2B134DDE46}.Debug|x64.ActiveCfg = Debug|Any CPU
		{431D9058-1FCE-4B84-B56E-3F2B134DDE46}.Debug|x64.Build.0 = Debug|Any CPU
		{431D9058-1FCE-4B84-B56E-3F2B134DDE46}.Debug|x86.ActiveCfg = Debug|Any CPU
		{431D9058-1FCE-4B84-B56E-3F2B134DDE46}.Debug|x86.Build.0 = Debug|Any CPU
		{431D9058-1FCE-4B84-B56E-3F2B134DDE46}.Release|Any CPU.ActiveCfg = Release|Any CPU
		{431D9058-1FCE-4B84-B56E-3F2B134DDE46}.Release|Any CPU.Build.0 = Release|Any CPU
		{431D9058-1FCE-4B84-B56E-3F2B134DDE46}.Release|ARM.ActiveCfg = Release|Any CPU
		{431D9058-1FCE-4B84-B56E-3F2B134DDE46}.Release|ARM.Build.0 = Release|Any CPU
		{431D9058-1FCE-4B84-B56E-3F2B134DDE46}.Release|iPhone.ActiveCfg = Release|Any CPU
		{431D9058-1FCE-4B84-B56E-3F2B134DDE46}.Release|iPhone.Build.0 = Release|Any CPU
		{431D9058-1FCE-4B84-B56E-3F2B134DDE46}.Release|iPhoneSimulator.ActiveCfg = Release|Any CPU
		{431D9058-1FCE-4B84-B56E-3F2B134DDE46}.Release|iPhoneSimulator.Build.0 = Release|Any CPU
		{431D9058-1FCE-4B84-B56E-3F2B134DDE46}.Release|x64.ActiveCfg = Release|Any CPU
		{431D9058-1FCE-4B84-B56E-3F2B134DDE46}.Release|x64.Build.0 = Release|Any CPU
		{431D9058-1FCE-4B84-B56E-3F2B134DDE46}.Release|x86.ActiveCfg = Release|Any CPU
		{431D9058-1FCE-4B84-B56E-3F2B134DDE46}.Release|x86.Build.0 = Release|Any CPU
		{AB0936FC-B8B8-41D2-A5D0-025A6DB93436}.Ad-Hoc|Any CPU.ActiveCfg = Release|x86
		{AB0936FC-B8B8-41D2-A5D0-025A6DB93436}.Ad-Hoc|Any CPU.Build.0 = Release|x86
		{AB0936FC-B8B8-41D2-A5D0-025A6DB93436}.Ad-Hoc|Any CPU.Deploy.0 = Release|x86
		{AB0936FC-B8B8-41D2-A5D0-025A6DB93436}.Ad-Hoc|ARM.ActiveCfg = Release|ARM
		{AB0936FC-B8B8-41D2-A5D0-025A6DB93436}.Ad-Hoc|ARM.Build.0 = Release|ARM
		{AB0936FC-B8B8-41D2-A5D0-025A6DB93436}.Ad-Hoc|ARM.Deploy.0 = Release|ARM
		{AB0936FC-B8B8-41D2-A5D0-025A6DB93436}.Ad-Hoc|iPhone.ActiveCfg = Release|x86
		{AB0936FC-B8B8-41D2-A5D0-025A6DB93436}.Ad-Hoc|iPhone.Build.0 = Release|x86
		{AB0936FC-B8B8-41D2-A5D0-025A6DB93436}.Ad-Hoc|iPhone.Deploy.0 = Release|x86
		{AB0936FC-B8B8-41D2-A5D0-025A6DB93436}.Ad-Hoc|iPhoneSimulator.ActiveCfg = Release|x86
		{AB0936FC-B8B8-41D2-A5D0-025A6DB93436}.Ad-Hoc|iPhoneSimulator.Build.0 = Release|x86
		{AB0936FC-B8B8-41D2-A5D0-025A6DB93436}.Ad-Hoc|iPhoneSimulator.Deploy.0 = Release|x86
		{AB0936FC-B8B8-41D2-A5D0-025A6DB93436}.Ad-Hoc|x64.ActiveCfg = Release|x64
		{AB0936FC-B8B8-41D2-A5D0-025A6DB93436}.Ad-Hoc|x64.Build.0 = Release|x64
		{AB0936FC-B8B8-41D2-A5D0-025A6DB93436}.Ad-Hoc|x64.Deploy.0 = Release|x64
		{AB0936FC-B8B8-41D2-A5D0-025A6DB93436}.Ad-Hoc|x86.ActiveCfg = Release|x86
		{AB0936FC-B8B8-41D2-A5D0-025A6DB93436}.Ad-Hoc|x86.Build.0 = Release|x86
		{AB0936FC-B8B8-41D2-A5D0-025A6DB93436}.Ad-Hoc|x86.Deploy.0 = Release|x86
		{AB0936FC-B8B8-41D2-A5D0-025A6DB93436}.AppStore|Any CPU.ActiveCfg = Release|x86
		{AB0936FC-B8B8-41D2-A5D0-025A6DB93436}.AppStore|Any CPU.Build.0 = Release|x86
		{AB0936FC-B8B8-41D2-A5D0-025A6DB93436}.AppStore|Any CPU.Deploy.0 = Release|x86
		{AB0936FC-B8B8-41D2-A5D0-025A6DB93436}.AppStore|ARM.ActiveCfg = Release|ARM
		{AB0936FC-B8B8-41D2-A5D0-025A6DB93436}.AppStore|ARM.Build.0 = Release|ARM
		{AB0936FC-B8B8-41D2-A5D0-025A6DB93436}.AppStore|ARM.Deploy.0 = Release|ARM
		{AB0936FC-B8B8-41D2-A5D0-025A6DB93436}.AppStore|iPhone.ActiveCfg = Release|x86
		{AB0936FC-B8B8-41D2-A5D0-025A6DB93436}.AppStore|iPhone.Build.0 = Release|x86
		{AB0936FC-B8B8-41D2-A5D0-025A6DB93436}.AppStore|iPhone.Deploy.0 = Release|x86
		{AB0936FC-B8B8-41D2-A5D0-025A6DB93436}.AppStore|iPhoneSimulator.ActiveCfg = Release|x86
		{AB0936FC-B8B8-41D2-A5D0-025A6DB93436}.AppStore|iPhoneSimulator.Build.0 = Release|x86
		{AB0936FC-B8B8-41D2-A5D0-025A6DB93436}.AppStore|iPhoneSimulator.Deploy.0 = Release|x86
		{AB0936FC-B8B8-41D2-A5D0-025A6DB93436}.AppStore|x64.ActiveCfg = Release|x64
		{AB0936FC-B8B8-41D2-A5D0-025A6DB93436}.AppStore|x64.Build.0 = Release|x64
		{AB0936FC-B8B8-41D2-A5D0-025A6DB93436}.AppStore|x64.Deploy.0 = Release|x64
		{AB0936FC-B8B8-41D2-A5D0-025A6DB93436}.AppStore|x86.ActiveCfg = Release|x86
		{AB0936FC-B8B8-41D2-A5D0-025A6DB93436}.AppStore|x86.Build.0 = Release|x86
		{AB0936FC-B8B8-41D2-A5D0-025A6DB93436}.AppStore|x86.Deploy.0 = Release|x86
		{AB0936FC-B8B8-41D2-A5D0-025A6DB93436}.Debug|Any CPU.ActiveCfg = Debug|x86
		{AB0936FC-B8B8-41D2-A5D0-025A6DB93436}.Debug|ARM.ActiveCfg = Debug|ARM
		{AB0936FC-B8B8-41D2-A5D0-025A6DB93436}.Debug|ARM.Build.0 = Debug|ARM
		{AB0936FC-B8B8-41D2-A5D0-025A6DB93436}.Debug|ARM.Deploy.0 = Debug|ARM
		{AB0936FC-B8B8-41D2-A5D0-025A6DB93436}.Debug|iPhone.ActiveCfg = Debug|x86
		{AB0936FC-B8B8-41D2-A5D0-025A6DB93436}.Debug|iPhoneSimulator.ActiveCfg = Debug|x86
		{AB0936FC-B8B8-41D2-A5D0-025A6DB93436}.Debug|x64.ActiveCfg = Debug|x64
		{AB0936FC-B8B8-41D2-A5D0-025A6DB93436}.Debug|x64.Build.0 = Debug|x64
		{AB0936FC-B8B8-41D2-A5D0-025A6DB93436}.Debug|x64.Deploy.0 = Debug|x64
		{AB0936FC-B8B8-41D2-A5D0-025A6DB93436}.Debug|x86.ActiveCfg = Debug|x86
		{AB0936FC-B8B8-41D2-A5D0-025A6DB93436}.Debug|x86.Build.0 = Debug|x86
		{AB0936FC-B8B8-41D2-A5D0-025A6DB93436}.Debug|x86.Deploy.0 = Debug|x86
		{AB0936FC-B8B8-41D2-A5D0-025A6DB93436}.Release|Any CPU.ActiveCfg = Release|x86
		{AB0936FC-B8B8-41D2-A5D0-025A6DB93436}.Release|ARM.ActiveCfg = Release|ARM
		{AB0936FC-B8B8-41D2-A5D0-025A6DB93436}.Release|ARM.Build.0 = Release|ARM
		{AB0936FC-B8B8-41D2-A5D0-025A6DB93436}.Release|ARM.Deploy.0 = Release|ARM
		{AB0936FC-B8B8-41D2-A5D0-025A6DB93436}.Release|iPhone.ActiveCfg = Release|x86
		{AB0936FC-B8B8-41D2-A5D0-025A6DB93436}.Release|iPhoneSimulator.ActiveCfg = Release|x86
		{AB0936FC-B8B8-41D2-A5D0-025A6DB93436}.Release|x64.ActiveCfg = Release|x64
		{AB0936FC-B8B8-41D2-A5D0-025A6DB93436}.Release|x64.Build.0 = Release|x64
		{AB0936FC-B8B8-41D2-A5D0-025A6DB93436}.Release|x64.Deploy.0 = Release|x64
		{AB0936FC-B8B8-41D2-A5D0-025A6DB93436}.Release|x86.ActiveCfg = Release|x86
		{AB0936FC-B8B8-41D2-A5D0-025A6DB93436}.Release|x86.Build.0 = Release|x86
		{AB0936FC-B8B8-41D2-A5D0-025A6DB93436}.Release|x86.Deploy.0 = Release|x86
		{FBAC1623-4D02-47BD-BF57-4C620064A533}.Ad-Hoc|Any CPU.ActiveCfg = Ad-Hoc|iPhone
		{FBAC1623-4D02-47BD-BF57-4C620064A533}.Ad-Hoc|ARM.ActiveCfg = Ad-Hoc|iPhone
		{FBAC1623-4D02-47BD-BF57-4C620064A533}.Ad-Hoc|iPhone.ActiveCfg = Ad-Hoc|iPhone
		{FBAC1623-4D02-47BD-BF57-4C620064A533}.Ad-Hoc|iPhone.Build.0 = Ad-Hoc|iPhone
		{FBAC1623-4D02-47BD-BF57-4C620064A533}.Ad-Hoc|iPhoneSimulator.ActiveCfg = Ad-Hoc|iPhoneSimulator
		{FBAC1623-4D02-47BD-BF57-4C620064A533}.Ad-Hoc|iPhoneSimulator.Build.0 = Ad-Hoc|iPhoneSimulator
		{FBAC1623-4D02-47BD-BF57-4C620064A533}.Ad-Hoc|x64.ActiveCfg = Ad-Hoc|iPhone
		{FBAC1623-4D02-47BD-BF57-4C620064A533}.Ad-Hoc|x86.ActiveCfg = Ad-Hoc|iPhone
		{FBAC1623-4D02-47BD-BF57-4C620064A533}.AppStore|Any CPU.ActiveCfg = AppStore|iPhone
		{FBAC1623-4D02-47BD-BF57-4C620064A533}.AppStore|ARM.ActiveCfg = AppStore|iPhone
		{FBAC1623-4D02-47BD-BF57-4C620064A533}.AppStore|iPhone.ActiveCfg = AppStore|iPhone
		{FBAC1623-4D02-47BD-BF57-4C620064A533}.AppStore|iPhone.Build.0 = AppStore|iPhone
		{FBAC1623-4D02-47BD-BF57-4C620064A533}.AppStore|iPhoneSimulator.ActiveCfg = AppStore|iPhoneSimulator
		{FBAC1623-4D02-47BD-BF57-4C620064A533}.AppStore|iPhoneSimulator.Build.0 = AppStore|iPhoneSimulator
		{FBAC1623-4D02-47BD-BF57-4C620064A533}.AppStore|x64.ActiveCfg = AppStore|iPhone
		{FBAC1623-4D02-47BD-BF57-4C620064A533}.AppStore|x86.ActiveCfg = AppStore|iPhone
		{FBAC1623-4D02-47BD-BF57-4C620064A533}.Debug|Any CPU.ActiveCfg = Debug|iPhone
		{FBAC1623-4D02-47BD-BF57-4C620064A533}.Debug|ARM.ActiveCfg = Debug|iPhone
		{FBAC1623-4D02-47BD-BF57-4C620064A533}.Debug|iPhone.ActiveCfg = Debug|iPhone
		{FBAC1623-4D02-47BD-BF57-4C620064A533}.Debug|iPhone.Build.0 = Debug|iPhone
		{FBAC1623-4D02-47BD-BF57-4C620064A533}.Debug|iPhoneSimulator.ActiveCfg = Debug|iPhoneSimulator
		{FBAC1623-4D02-47BD-BF57-4C620064A533}.Debug|iPhoneSimulator.Build.0 = Debug|iPhoneSimulator
		{FBAC1623-4D02-47BD-BF57-4C620064A533}.Debug|x64.ActiveCfg = Debug|iPhone
		{FBAC1623-4D02-47BD-BF57-4C620064A533}.Debug|x86.ActiveCfg = Debug|iPhone
		{FBAC1623-4D02-47BD-BF57-4C620064A533}.Release|Any CPU.ActiveCfg = Release|iPhone
		{FBAC1623-4D02-47BD-BF57-4C620064A533}.Release|ARM.ActiveCfg = Release|iPhone
		{FBAC1623-4D02-47BD-BF57-4C620064A533}.Release|iPhone.ActiveCfg = Release|iPhone
		{FBAC1623-4D02-47BD-BF57-4C620064A533}.Release|iPhone.Build.0 = Release|iPhone
		{FBAC1623-4D02-47BD-BF57-4C620064A533}.Release|iPhoneSimulator.ActiveCfg = Release|iPhoneSimulator
		{FBAC1623-4D02-47BD-BF57-4C620064A533}.Release|iPhoneSimulator.Build.0 = Release|iPhoneSimulator
		{FBAC1623-4D02-47BD-BF57-4C620064A533}.Release|x64.ActiveCfg = Release|iPhone
		{FBAC1623-4D02-47BD-BF57-4C620064A533}.Release|x86.ActiveCfg = Release|iPhone
	EndGlobalSection
	GlobalSection(SolutionProperties) = preSolution
		HideSolutionNode = FALSE
	EndGlobalSection
	GlobalSection(ExtensibilityGlobals) = postSolution
		SolutionGuid = {AE41AE56-7764-4D27-BCA2-D1728D852934}
	EndGlobalSection
EndGlobal
