
Microsoft Visual Studio Solution File, Format Version 12.00
# Visual Studio 15
VisualStudioVersion = 15.0.26730.16
MinimumVisualStudioVersion = 10.0.40219.1
Project("{FAE04EC0-301F-11D3-BF4B-00C04F79EFBC}") = "Demo4.Android", "Demo4\Demo4.Android\Demo4.Android.csproj", "{F411D25A-9C7B-4214-BD4F-714DACBA2BA6}"
EndProject
Project("{FAE04EC0-301F-11D3-BF4B-00C04F79EFBC}") = "Demo4", "Demo4\Demo4\Demo4.csproj", "{63B0DA23-6D31-4ABD-B438-BC07967D3ADA}"
EndProject
Project("{FAE04EC0-301F-11D3-BF4B-00C04F79EFBC}") = "Demo4.UWP", "Demo4\Demo4.UWP\Demo4.UWP.csproj", "{EF2B3E6E-6C43-4BA8-9A1A-788CFB800E30}"
EndProject
Project("{FAE04EC0-301F-11D3-BF4B-00C04F79EFBC}") = "Demo4.iOS", "Demo4\Demo4.iOS\Demo4.iOS.csproj", "{FC45F561-E6B9-4ED2-B62B-F5BD57AE38A9}"
EndProject
Global
	GlobalSection(SolutionConfigurationPlatforms) = preSolution
		Ad-Hoc|Any CPU = Ad-Hoc|Any CPU
		Ad-Hoc|ARM = Ad-Hoc|ARM
		Ad-Hoc|iPhone = Ad-Hoc|iPhone
		Ad-Hoc|iPhoneSimulator = Ad-Hoc|iPhoneSimulator
		Ad-Hoc|x64 = Ad-Hoc|x64
		Ad-Hoc|x86 = Ad-Hoc|x86
		AppStore|Any CPU = AppStore|Any CPU
		AppStore|ARM = AppStore|ARM
		AppStore|iPhone = AppStore|iPhone
		AppStore|iPhoneSimulator = AppStore|iPhoneSimulator
		AppStore|x64 = AppStore|x64
		AppStore|x86 = AppStore|x86
		Debug|Any CPU = Debug|Any CPU
		Debug|ARM = Debug|ARM
		Debug|iPhone = Debug|iPhone
		Debug|iPhoneSimulator = Debug|iPhoneSimulator
		Debug|x64 = Debug|x64
		Debug|x86 = Debug|x86
		Release|Any CPU = Release|Any CPU
		Release|ARM = Release|ARM
		Release|iPhone = Release|iPhone
		Release|iPhoneSimulator = Release|iPhoneSimulator
		Release|x64 = Release|x64
		Release|x86 = Release|x86
	EndGlobalSection
	GlobalSection(ProjectConfigurationPlatforms) = postSolution
		{F411D25A-9C7B-4214-BD4F-714DACBA2BA6}.Ad-Hoc|Any CPU.ActiveCfg = Release|Any CPU
		{F411D25A-9C7B-4214-BD4F-714DACBA2BA6}.Ad-Hoc|Any CPU.Build.0 = Release|Any CPU
		{F411D25A-9C7B-4214-BD4F-714DACBA2BA6}.Ad-Hoc|Any CPU.Deploy.0 = Release|Any CPU
		{F411D25A-9C7B-4214-BD4F-714DACBA2BA6}.Ad-Hoc|ARM.ActiveCfg = Release|Any CPU
		{F411D25A-9C7B-4214-BD4F-714DACBA2BA6}.Ad-Hoc|ARM.Build.0 = Release|Any CPU
		{F411D25A-9C7B-4214-BD4F-714DACBA2BA6}.Ad-Hoc|ARM.Deploy.0 = Release|Any CPU
		{F411D25A-9C7B-4214-BD4F-714DACBA2BA6}.Ad-Hoc|iPhone.ActiveCfg = Release|Any CPU
		{F411D25A-9C7B-4214-BD4F-714DACBA2BA6}.Ad-Hoc|iPhone.Build.0 = Release|Any CPU
		{F411D25A-9C7B-4214-BD4F-714DACBA2BA6}.Ad-Hoc|iPhone.Deploy.0 = Release|Any CPU
		{F411D25A-9C7B-4214-BD4F-714DACBA2BA6}.Ad-Hoc|iPhoneSimulator.ActiveCfg = Release|Any CPU
		{F411D25A-9C7B-4214-BD4F-714DACBA2BA6}.Ad-Hoc|iPhoneSimulator.Build.0 = Release|Any CPU
		{F411D25A-9C7B-4214-BD4F-714DACBA2BA6}.Ad-Hoc|iPhoneSimulator.Deploy.0 = Release|Any CPU
		{F411D25A-9C7B-4214-BD4F-714DACBA2BA6}.Ad-Hoc|x64.ActiveCfg = Release|Any CPU
		{F411D25A-9C7B-4214-BD4F-714DACBA2BA6}.Ad-Hoc|x64.Build.0 = Release|Any CPU
		{F411D25A-9C7B-4214-BD4F-714DACBA2BA6}.Ad-Hoc|x64.Deploy.0 = Release|Any CPU
		{F411D25A-9C7B-4214-BD4F-714DACBA2BA6}.Ad-Hoc|x86.ActiveCfg = Release|Any CPU
		{F411D25A-9C7B-4214-BD4F-714DACBA2BA6}.Ad-Hoc|x86.Build.0 = Release|Any CPU
		{F411D25A-9C7B-4214-BD4F-714DACBA2BA6}.Ad-Hoc|x86.Deploy.0 = Release|Any CPU
		{F411D25A-9C7B-4214-BD4F-714DACBA2BA6}.AppStore|Any CPU.ActiveCfg = Release|Any CPU
		{F411D25A-9C7B-4214-BD4F-714DACBA2BA6}.AppStore|Any CPU.Build.0 = Release|Any CPU
		{F411D25A-9C7B-4214-BD4F-714DACBA2BA6}.AppStore|Any CPU.Deploy.0 = Release|Any CPU
		{F411D25A-9C7B-4214-BD4F-714DACBA2BA6}.AppStore|ARM.ActiveCfg = Release|Any CPU
		{F411D25A-9C7B-4214-BD4F-714DACBA2BA6}.AppStore|ARM.Build.0 = Release|Any CPU
		{F411D25A-9C7B-4214-BD4F-714DACBA2BA6}.AppStore|ARM.Deploy.0 = Release|Any CPU
		{F411D25A-9C7B-4214-BD4F-714DACBA2BA6}.AppStore|iPhone.ActiveCfg = Release|Any CPU
		{F411D25A-9C7B-4214-BD4F-714DACBA2BA6}.AppStore|iPhone.Build.0 = Release|Any CPU
		{F411D25A-9C7B-4214-BD4F-714DACBA2BA6}.AppStore|iPhone.Deploy.0 = Release|Any CPU
		{F411D25A-9C7B-4214-BD4F-714DACBA2BA6}.AppStore|iPhoneSimulator.ActiveCfg = Release|Any CPU
		{F411D25A-9C7B-4214-BD4F-714DACBA2BA6}.AppStore|iPhoneSimulator.Build.0 = Release|Any CPU
		{F411D25A-9C7B-4214-BD4F-714DACBA2BA6}.AppStore|iPhoneSimulator.Deploy.0 = Release|Any CPU
		{F411D25A-9C7B-4214-BD4F-714DACBA2BA6}.AppStore|x64.ActiveCfg = Release|Any CPU
		{F411D25A-9C7B-4214-BD4F-714DACBA2BA6}.AppStore|x64.Build.0 = Release|Any CPU
		{F411D25A-9C7B-4214-BD4F-714DACBA2BA6}.AppStore|x64.Deploy.0 = Release|Any CPU
		{F411D25A-9C7B-4214-BD4F-714DACBA2BA6}.AppStore|x86.ActiveCfg = Release|Any CPU
		{F411D25A-9C7B-4214-BD4F-714DACBA2BA6}.AppStore|x86.Build.0 = Release|Any CPU
		{F411D25A-9C7B-4214-BD4F-714DACBA2BA6}.AppStore|x86.Deploy.0 = Release|Any CPU
		{F411D25A-9C7B-4214-BD4F-714DACBA2BA6}.Debug|Any CPU.ActiveCfg = Debug|Any CPU
		{F411D25A-9C7B-4214-BD4F-714DACBA2BA6}.Debug|Any CPU.Build.0 = Debug|Any CPU
		{F411D25A-9C7B-4214-BD4F-714DACBA2BA6}.Debug|Any CPU.Deploy.0 = Debug|Any CPU
		{F411D25A-9C7B-4214-BD4F-714DACBA2BA6}.Debug|ARM.ActiveCfg = Debug|Any CPU
		{F411D25A-9C7B-4214-BD4F-714DACBA2BA6}.Debug|ARM.Build.0 = Debug|Any CPU
		{F411D25A-9C7B-4214-BD4F-714DACBA2BA6}.Debug|ARM.Deploy.0 = Debug|Any CPU
		{F411D25A-9C7B-4214-BD4F-714DACBA2BA6}.Debug|iPhone.ActiveCfg = Debug|Any CPU
		{F411D25A-9C7B-4214-BD4F-714DACBA2BA6}.Debug|iPhone.Build.0 = Debug|Any CPU
		{F411D25A-9C7B-4214-BD4F-714DACBA2BA6}.Debug|iPhone.Deploy.0 = Debug|Any CPU
		{F411D25A-9C7B-4214-BD4F-714DACBA2BA6}.Debug|iPhoneSimulator.ActiveCfg = Debug|Any CPU
		{F411D25A-9C7B-4214-BD4F-714DACBA2BA6}.Debug|iPhoneSimulator.Build.0 = Debug|Any CPU
		{F411D25A-9C7B-4214-BD4F-714DACBA2BA6}.Debug|iPhoneSimulator.Deploy.0 = Debug|Any CPU
		{F411D25A-9C7B-4214-BD4F-714DACBA2BA6}.Debug|x64.ActiveCfg = Debug|Any CPU
		{F411D25A-9C7B-4214-BD4F-714DACBA2BA6}.Debug|x64.Build.0 = Debug|Any CPU
		{F411D25A-9C7B-4214-BD4F-714DACBA2BA6}.Debug|x64.Deploy.0 = Debug|Any CPU
		{F411D25A-9C7B-4214-BD4F-714DACBA2BA6}.Debug|x86.ActiveCfg = Debug|Any CPU
		{F411D25A-9C7B-4214-BD4F-714DACBA2BA6}.Debug|x86.Build.0 = Debug|Any CPU
		{F411D25A-9C7B-4214-BD4F-714DACBA2BA6}.Debug|x86.Deploy.0 = Debug|Any CPU
		{F411D25A-9C7B-4214-BD4F-714DACBA2BA6}.Release|Any CPU.ActiveCfg = Release|Any CPU
		{F411D25A-9C7B-4214-BD4F-714DACBA2BA6}.Release|Any CPU.Build.0 = Release|Any CPU
		{F411D25A-9C7B-4214-BD4F-714DACBA2BA6}.Release|Any CPU.Deploy.0 = Release|Any CPU
		{F411D25A-9C7B-4214-BD4F-714DACBA2BA6}.Release|ARM.ActiveCfg = Release|Any CPU
		{F411D25A-9C7B-4214-BD4F-714DACBA2BA6}.Release|ARM.Build.0 = Release|Any CPU
		{F411D25A-9C7B-4214-BD4F-714DACBA2BA6}.Release|ARM.Deploy.0 = Release|Any CPU
		{F411D25A-9C7B-4214-BD4F-714DACBA2BA6}.Release|iPhone.ActiveCfg = Release|Any CPU
		{F411D25A-9C7B-4214-BD4F-714DACBA2BA6}.Release|iPhone.Build.0 = Release|Any CPU
		{F411D25A-9C7B-4214-BD4F-714DACBA2BA6}.Release|iPhone.Deploy.0 = Release|Any CPU
		{F411D25A-9C7B-4214-BD4F-714DACBA2BA6}.Release|iPhoneSimulator.ActiveCfg = Release|Any CPU
		{F411D25A-9C7B-4214-BD4F-714DACBA2BA6}.Release|iPhoneSimulator.Build.0 = Release|Any CPU
		{F411D25A-9C7B-4214-BD4F-714DACBA2BA6}.Release|iPhoneSimulator.Deploy.0 = Release|Any CPU
		{F411D25A-9C7B-4214-BD4F-714DACBA2BA6}.Release|x64.ActiveCfg = Release|Any CPU
		{F411D25A-9C7B-4214-BD4F-714DACBA2BA6}.Release|x64.Build.0 = Release|Any CPU
		{F411D25A-9C7B-4214-BD4F-714DACBA2BA6}.Release|x64.Deploy.0 = Release|Any CPU
		{F411D25A-9C7B-4214-BD4F-714DACBA2BA6}.Release|x86.ActiveCfg = Release|Any CPU
		{F411D25A-9C7B-4214-BD4F-714DACBA2BA6}.Release|x86.Build.0 = Release|Any CPU
		{F411D25A-9C7B-4214-BD4F-714DACBA2BA6}.Release|x86.Deploy.0 = Release|Any CPU
		{63B0DA23-6D31-4ABD-B438-BC07967D3ADA}.Ad-Hoc|Any CPU.ActiveCfg = Release|Any CPU
		{63B0DA23-6D31-4ABD-B438-BC07967D3ADA}.Ad-Hoc|Any CPU.Build.0 = Release|Any CPU
		{63B0DA23-6D31-4ABD-B438-BC07967D3ADA}.Ad-Hoc|ARM.ActiveCfg = Release|Any CPU
		{63B0DA23-6D31-4ABD-B438-BC07967D3ADA}.Ad-Hoc|ARM.Build.0 = Release|Any CPU
		{63B0DA23-6D31-4ABD-B438-BC07967D3ADA}.Ad-Hoc|iPhone.ActiveCfg = Release|Any CPU
		{63B0DA23-6D31-4ABD-B438-BC07967D3ADA}.Ad-Hoc|iPhone.Build.0 = Release|Any CPU
		{63B0DA23-6D31-4ABD-B438-BC07967D3ADA}.Ad-Hoc|iPhoneSimulator.ActiveCfg = Release|Any CPU
		{63B0DA23-6D31-4ABD-B438-BC07967D3ADA}.Ad-Hoc|iPhoneSimulator.Build.0 = Release|Any CPU
		{63B0DA23-6D31-4ABD-B438-BC07967D3ADA}.Ad-Hoc|x64.ActiveCfg = Release|Any CPU
		{63B0DA23-6D31-4ABD-B438-BC07967D3ADA}.Ad-Hoc|x64.Build.0 = Release|Any CPU
		{63B0DA23-6D31-4ABD-B438-BC07967D3ADA}.Ad-Hoc|x86.ActiveCfg = Release|Any CPU
		{63B0DA23-6D31-4ABD-B438-BC07967D3ADA}.Ad-Hoc|x86.Build.0 = Release|Any CPU
		{63B0DA23-6D31-4ABD-B438-BC07967D3ADA}.AppStore|Any CPU.ActiveCfg = Release|Any CPU
		{63B0DA23-6D31-4ABD-B438-BC07967D3ADA}.AppStore|Any CPU.Build.0 = Release|Any CPU
		{63B0DA23-6D31-4ABD-B438-BC07967D3ADA}.AppStore|ARM.ActiveCfg = Release|Any CPU
		{63B0DA23-6D31-4ABD-B438-BC07967D3ADA}.AppStore|ARM.Build.0 = Release|Any CPU
		{63B0DA23-6D31-4ABD-B438-BC07967D3ADA}.AppStore|iPhone.ActiveCfg = Release|Any CPU
		{63B0DA23-6D31-4ABD-B438-BC07967D3ADA}.AppStore|iPhone.Build.0 = Release|Any CPU
		{63B0DA23-6D31-4ABD-B438-BC07967D3ADA}.AppStore|iPhoneSimulator.ActiveCfg = Release|Any CPU
		{63B0DA23-6D31-4ABD-B438-BC07967D3ADA}.AppStore|iPhoneSimulator.Build.0 = Release|Any CPU
		{63B0DA23-6D31-4ABD-B438-BC07967D3ADA}.AppStore|x64.ActiveCfg = Release|Any CPU
		{63B0DA23-6D31-4ABD-B438-BC07967D3ADA}.AppStore|x64.Build.0 = Release|Any CPU
		{63B0DA23-6D31-4ABD-B438-BC07967D3ADA}.AppStore|x86.ActiveCfg = Release|Any CPU
		{63B0DA23-6D31-4ABD-B438-BC07967D3ADA}.AppStore|x86.Build.0 = Release|Any CPU
		{63B0DA23-6D31-4ABD-B438-BC07967D3ADA}.Debug|Any CPU.ActiveCfg = Debug|Any CPU
		{63B0DA23-6D31-4ABD-B438-BC07967D3ADA}.Debug|Any CPU.Build.0 = Debug|Any CPU
		{63B0DA23-6D31-4ABD-B438-BC07967D3ADA}.Debug|ARM.ActiveCfg = Debug|Any CPU
		{63B0DA23-6D31-4ABD-B438-BC07967D3ADA}.Debug|ARM.Build.0 = Debug|Any CPU
		{63B0DA23-6D31-4ABD-B438-BC07967D3ADA}.Debug|iPhone.ActiveCfg = Debug|Any CPU
		{63B0DA23-6D31-4ABD-B438-BC07967D3ADA}.Debug|iPhone.Build.0 = Debug|Any CPU
		{63B0DA23-6D31-4ABD-B438-BC07967D3ADA}.Debug|iPhoneSimulator.ActiveCfg = Debug|Any CPU
		{63B0DA23-6D31-4ABD-B438-BC07967D3ADA}.Debug|iPhoneSimulator.Build.0 = Debug|Any CPU
		{63B0DA23-6D31-4ABD-B438-BC07967D3ADA}.Debug|x64.ActiveCfg = Debug|Any CPU
		{63B0DA23-6D31-4ABD-B438-BC07967D3ADA}.Debug|x64.Build.0 = Debug|Any CPU
		{63B0DA23-6D31-4ABD-B438-BC07967D3ADA}.Debug|x86.ActiveCfg = Debug|Any CPU
		{63B0DA23-6D31-4ABD-B438-BC07967D3ADA}.Debug|x86.Build.0 = Debug|Any CPU
		{63B0DA23-6D31-4ABD-B438-BC07967D3ADA}.Release|Any CPU.ActiveCfg = Release|Any CPU
		{63B0DA23-6D31-4ABD-B438-BC07967D3ADA}.Release|Any CPU.Build.0 = Release|Any CPU
		{63B0DA23-6D31-4ABD-B438-BC07967D3ADA}.Release|ARM.ActiveCfg = Release|Any CPU
		{63B0DA23-6D31-4ABD-B438-BC07967D3ADA}.Release|ARM.Build.0 = Release|Any CPU
		{63B0DA23-6D31-4ABD-B438-BC07967D3ADA}.Release|iPhone.ActiveCfg = Release|Any CPU
		{63B0DA23-6D31-4ABD-B438-BC07967D3ADA}.Release|iPhone.Build.0 = Release|Any CPU
		{63B0DA23-6D31-4ABD-B438-BC07967D3ADA}.Release|iPhoneSimulator.ActiveCfg = Release|Any CPU
		{63B0DA23-6D31-4ABD-B438-BC07967D3ADA}.Release|iPhoneSimulator.Build.0 = Release|Any CPU
		{63B0DA23-6D31-4ABD-B438-BC07967D3ADA}.Release|x64.ActiveCfg = Release|Any CPU
		{63B0DA23-6D31-4ABD-B438-BC07967D3ADA}.Release|x64.Build.0 = Release|Any CPU
		{63B0DA23-6D31-4ABD-B438-BC07967D3ADA}.Release|x86.ActiveCfg = Release|Any CPU
		{63B0DA23-6D31-4ABD-B438-BC07967D3ADA}.Release|x86.Build.0 = Release|Any CPU
		{EF2B3E6E-6C43-4BA8-9A1A-788CFB800E30}.Ad-Hoc|Any CPU.ActiveCfg = Release|x86
		{EF2B3E6E-6C43-4BA8-9A1A-788CFB800E30}.Ad-Hoc|Any CPU.Build.0 = Release|x86
		{EF2B3E6E-6C43-4BA8-9A1A-788CFB800E30}.Ad-Hoc|Any CPU.Deploy.0 = Release|x86
		{EF2B3E6E-6C43-4BA8-9A1A-788CFB800E30}.Ad-Hoc|ARM.ActiveCfg = Release|ARM
		{EF2B3E6E-6C43-4BA8-9A1A-788CFB800E30}.Ad-Hoc|ARM.Build.0 = Release|ARM
		{EF2B3E6E-6C43-4BA8-9A1A-788CFB800E30}.Ad-Hoc|ARM.Deploy.0 = Release|ARM
		{EF2B3E6E-6C43-4BA8-9A1A-788CFB800E30}.Ad-Hoc|iPhone.ActiveCfg = Release|x86
		{EF2B3E6E-6C43-4BA8-9A1A-788CFB800E30}.Ad-Hoc|iPhone.Build.0 = Release|x86
		{EF2B3E6E-6C43-4BA8-9A1A-788CFB800E30}.Ad-Hoc|iPhone.Deploy.0 = Release|x86
		{EF2B3E6E-6C43-4BA8-9A1A-788CFB800E30}.Ad-Hoc|iPhoneSimulator.ActiveCfg = Release|x86
		{EF2B3E6E-6C43-4BA8-9A1A-788CFB800E30}.Ad-Hoc|iPhoneSimulator.Build.0 = Release|x86
		{EF2B3E6E-6C43-4BA8-9A1A-788CFB800E30}.Ad-Hoc|iPhoneSimulator.Deploy.0 = Release|x86
		{EF2B3E6E-6C43-4BA8-9A1A-788CFB800E30}.Ad-Hoc|x64.ActiveCfg = Release|x64
		{EF2B3E6E-6C43-4BA8-9A1A-788CFB800E30}.Ad-Hoc|x64.Build.0 = Release|x64
		{EF2B3E6E-6C43-4BA8-9A1A-788CFB800E30}.Ad-Hoc|x64.Deploy.0 = Release|x64
		{EF2B3E6E-6C43-4BA8-9A1A-788CFB800E30}.Ad-Hoc|x86.ActiveCfg = Release|x86
		{EF2B3E6E-6C43-4BA8-9A1A-788CFB800E30}.Ad-Hoc|x86.Build.0 = Release|x86
		{EF2B3E6E-6C43-4BA8-9A1A-788CFB800E30}.Ad-Hoc|x86.Deploy.0 = Release|x86
		{EF2B3E6E-6C43-4BA8-9A1A-788CFB800E30}.AppStore|Any CPU.ActiveCfg = Release|x86
		{EF2B3E6E-6C43-4BA8-9A1A-788CFB800E30}.AppStore|Any CPU.Build.0 = Release|x86
		{EF2B3E6E-6C43-4BA8-9A1A-788CFB800E30}.AppStore|Any CPU.Deploy.0 = Release|x86
		{EF2B3E6E-6C43-4BA8-9A1A-788CFB800E30}.AppStore|ARM.ActiveCfg = Release|ARM
		{EF2B3E6E-6C43-4BA8-9A1A-788CFB800E30}.AppStore|ARM.Build.0 = Release|ARM
		{EF2B3E6E-6C43-4BA8-9A1A-788CFB800E30}.AppStore|ARM.Deploy.0 = Release|ARM
		{EF2B3E6E-6C43-4BA8-9A1A-788CFB800E30}.AppStore|iPhone.ActiveCfg = Release|x86
		{EF2B3E6E-6C43-4BA8-9A1A-788CFB800E30}.AppStore|iPhone.Build.0 = Release|x86
		{EF2B3E6E-6C43-4BA8-9A1A-788CFB800E30}.AppStore|iPhone.Deploy.0 = Release|x86
		{EF2B3E6E-6C43-4BA8-9A1A-788CFB800E30}.AppStore|iPhoneSimulator.ActiveCfg = Release|x86
		{EF2B3E6E-6C43-4BA8-9A1A-788CFB800E30}.AppStore|iPhoneSimulator.Build.0 = Release|x86
		{EF2B3E6E-6C43-4BA8-9A1A-788CFB800E30}.AppStore|iPhoneSimulator.Deploy.0 = Release|x86
		{EF2B3E6E-6C43-4BA8-9A1A-788CFB800E30}.AppStore|x64.ActiveCfg = Release|x64
		{EF2B3E6E-6C43-4BA8-9A1A-788CFB800E30}.AppStore|x64.Build.0 = Release|x64
		{EF2B3E6E-6C43-4BA8-9A1A-788CFB800E30}.AppStore|x64.Deploy.0 = Release|x64
		{EF2B3E6E-6C43-4BA8-9A1A-788CFB800E30}.AppStore|x86.ActiveCfg = Release|x86
		{EF2B3E6E-6C43-4BA8-9A1A-788CFB800E30}.AppStore|x86.Build.0 = Release|x86
		{EF2B3E6E-6C43-4BA8-9A1A-788CFB800E30}.AppStore|x86.Deploy.0 = Release|x86
		{EF2B3E6E-6C43-4BA8-9A1A-788CFB800E30}.Debug|Any CPU.ActiveCfg = Debug|x86
		{EF2B3E6E-6C43-4BA8-9A1A-788CFB800E30}.Debug|ARM.ActiveCfg = Debug|ARM
		{EF2B3E6E-6C43-4BA8-9A1A-788CFB800E30}.Debug|ARM.Build.0 = Debug|ARM
		{EF2B3E6E-6C43-4BA8-9A1A-788CFB800E30}.Debug|ARM.Deploy.0 = Debug|ARM
		{EF2B3E6E-6C43-4BA8-9A1A-788CFB800E30}.Debug|iPhone.ActiveCfg = Debug|x86
		{EF2B3E6E-6C43-4BA8-9A1A-788CFB800E30}.Debug|iPhoneSimulator.ActiveCfg = Debug|x86
		{EF2B3E6E-6C43-4BA8-9A1A-788CFB800E30}.Debug|x64.ActiveCfg = Debug|x64
		{EF2B3E6E-6C43-4BA8-9A1A-788CFB800E30}.Debug|x64.Build.0 = Debug|x64
		{EF2B3E6E-6C43-4BA8-9A1A-788CFB800E30}.Debug|x64.Deploy.0 = Debug|x64
		{EF2B3E6E-6C43-4BA8-9A1A-788CFB800E30}.Debug|x86.ActiveCfg = Debug|x86
		{EF2B3E6E-6C43-4BA8-9A1A-788CFB800E30}.Debug|x86.Build.0 = Debug|x86
		{EF2B3E6E-6C43-4BA8-9A1A-788CFB800E30}.Debug|x86.Deploy.0 = Debug|x86
		{EF2B3E6E-6C43-4BA8-9A1A-788CFB800E30}.Release|Any CPU.ActiveCfg = Release|x86
		{EF2B3E6E-6C43-4BA8-9A1A-788CFB800E30}.Release|ARM.ActiveCfg = Release|ARM
		{EF2B3E6E-6C43-4BA8-9A1A-788CFB800E30}.Release|ARM.Build.0 = Release|ARM
		{EF2B3E6E-6C43-4BA8-9A1A-788CFB800E30}.Release|ARM.Deploy.0 = Release|ARM
		{EF2B3E6E-6C43-4BA8-9A1A-788CFB800E30}.Release|iPhone.ActiveCfg = Release|x86
		{EF2B3E6E-6C43-4BA8-9A1A-788CFB800E30}.Release|iPhoneSimulator.ActiveCfg = Release|x86
		{EF2B3E6E-6C43-4BA8-9A1A-788CFB800E30}.Release|x64.ActiveCfg = Release|x64
		{EF2B3E6E-6C43-4BA8-9A1A-788CFB800E30}.Release|x64.Build.0 = Release|x64
		{EF2B3E6E-6C43-4BA8-9A1A-788CFB800E30}.Release|x64.Deploy.0 = Release|x64
		{EF2B3E6E-6C43-4BA8-9A1A-788CFB800E30}.Release|x86.ActiveCfg = Release|x86
		{EF2B3E6E-6C43-4BA8-9A1A-788CFB800E30}.Release|x86.Build.0 = Release|x86
		{EF2B3E6E-6C43-4BA8-9A1A-788CFB800E30}.Release|x86.Deploy.0 = Release|x86
		{FC45F561-E6B9-4ED2-B62B-F5BD57AE38A9}.Ad-Hoc|Any CPU.ActiveCfg = Ad-Hoc|iPhone
		{FC45F561-E6B9-4ED2-B62B-F5BD57AE38A9}.Ad-Hoc|ARM.ActiveCfg = Ad-Hoc|iPhone
		{FC45F561-E6B9-4ED2-B62B-F5BD57AE38A9}.Ad-Hoc|iPhone.ActiveCfg = Ad-Hoc|iPhone
		{FC45F561-E6B9-4ED2-B62B-F5BD57AE38A9}.Ad-Hoc|iPhone.Build.0 = Ad-Hoc|iPhone
		{FC45F561-E6B9-4ED2-B62B-F5BD57AE38A9}.Ad-Hoc|iPhoneSimulator.ActiveCfg = Ad-Hoc|iPhoneSimulator
		{FC45F561-E6B9-4ED2-B62B-F5BD57AE38A9}.Ad-Hoc|iPhoneSimulator.Build.0 = Ad-Hoc|iPhoneSimulator
		{FC45F561-E6B9-4ED2-B62B-F5BD57AE38A9}.Ad-Hoc|x64.ActiveCfg = Ad-Hoc|iPhone
		{FC45F561-E6B9-4ED2-B62B-F5BD57AE38A9}.Ad-Hoc|x86.ActiveCfg = Ad-Hoc|iPhone
		{FC45F561-E6B9-4ED2-B62B-F5BD57AE38A9}.AppStore|Any CPU.ActiveCfg = AppStore|iPhone
		{FC45F561-E6B9-4ED2-B62B-F5BD57AE38A9}.AppStore|ARM.ActiveCfg = AppStore|iPhone
		{FC45F561-E6B9-4ED2-B62B-F5BD57AE38A9}.AppStore|iPhone.ActiveCfg = AppStore|iPhone
		{FC45F561-E6B9-4ED2-B62B-F5BD57AE38A9}.AppStore|iPhone.Build.0 = AppStore|iPhone
		{FC45F561-E6B9-4ED2-B62B-F5BD57AE38A9}.AppStore|iPhoneSimulator.ActiveCfg = AppStore|iPhoneSimulator
		{FC45F561-E6B9-4ED2-B62B-F5BD57AE38A9}.AppStore|iPhoneSimulator.Build.0 = AppStore|iPhoneSimulator
		{FC45F561-E6B9-4ED2-B62B-F5BD57AE38A9}.AppStore|x64.ActiveCfg = AppStore|iPhone
		{FC45F561-E6B9-4ED2-B62B-F5BD57AE38A9}.AppStore|x86.ActiveCfg = AppStore|iPhone
		{FC45F561-E6B9-4ED2-B62B-F5BD57AE38A9}.Debug|Any CPU.ActiveCfg = Debug|iPhone
		{FC45F561-E6B9-4ED2-B62B-F5BD57AE38A9}.Debug|ARM.ActiveCfg = Debug|iPhone
		{FC45F561-E6B9-4ED2-B62B-F5BD57AE38A9}.Debug|iPhone.ActiveCfg = Debug|iPhone
		{FC45F561-E6B9-4ED2-B62B-F5BD57AE38A9}.Debug|iPhone.Build.0 = Debug|iPhone
		{FC45F561-E6B9-4ED2-B62B-F5BD57AE38A9}.Debug|iPhoneSimulator.ActiveCfg = Debug|iPhoneSimulator
		{FC45F561-E6B9-4ED2-B62B-F5BD57AE38A9}.Debug|iPhoneSimulator.Build.0 = Debug|iPhoneSimulator
		{FC45F561-E6B9-4ED2-B62B-F5BD57AE38A9}.Debug|x64.ActiveCfg = Debug|iPhone
		{FC45F561-E6B9-4ED2-B62B-F5BD57AE38A9}.Debug|x86.ActiveCfg = Debug|iPhone
		{FC45F561-E6B9-4ED2-B62B-F5BD57AE38A9}.Release|Any CPU.ActiveCfg = Release|iPhone
		{FC45F561-E6B9-4ED2-B62B-F5BD57AE38A9}.Release|ARM.ActiveCfg = Release|iPhone
		{FC45F561-E6B9-4ED2-B62B-F5BD57AE38A9}.Release|iPhone.ActiveCfg = Release|iPhone
		{FC45F561-E6B9-4ED2-B62B-F5BD57AE38A9}.Release|iPhone.Build.0 = Release|iPhone
		{FC45F561-E6B9-4ED2-B62B-F5BD57AE38A9}.Release|iPhoneSimulator.ActiveCfg = Release|iPhoneSimulator
		{FC45F561-E6B9-4ED2-B62B-F5BD57AE38A9}.Release|iPhoneSimulator.Build.0 = Release|iPhoneSimulator
		{FC45F561-E6B9-4ED2-B62B-F5BD57AE38A9}.Release|x64.ActiveCfg = Release|iPhone
		{FC45F561-E6B9-4ED2-B62B-F5BD57AE38A9}.Release|x86.ActiveCfg = Release|iPhone
	EndGlobalSection
	GlobalSection(SolutionProperties) = preSolution
		HideSolutionNode = FALSE
	EndGlobalSection
	GlobalSection(ExtensibilityGlobals) = postSolution
		SolutionGuid = {0A5300DD-91CB-4553-8881-5D751D4E8676}
	EndGlobalSection
EndGlobal
